
Microsoft Visual Studio Solution File, Format Version 12.00
# Visual Studio Version 17
VisualStudioVersion = 17.7.34031.279
MinimumVisualStudioVersion = 10.0.40219.1
Project("{FAE04EC0-301F-11D3-BF4B-00C04F79EFBC}") = "Exercise1", "Exercise1\Exercise1.csproj", "{A37707E0-CCC5-40F5-8A26-839C50CB87BA}"
EndProject
Project("{FAE04EC0-301F-11D3-BF4B-00C04F79EFBC}") = "Exercise2", "Exercise2\Exercise2.csproj", "{2AEDEC45-7C02-4CA6-AC35-952AFE029514}"
EndProject
Project("{FAE04EC0-301F-11D3-BF4B-00C04F79EFBC}") = "Exercise3", "Exercise3\Exercise3.csproj", "{00E41FAA-3583-44FB-A5D8-6677E578B5D8}"
EndProject
Project("{FAE04EC0-301F-11D3-BF4B-00C04F79EFBC}") = "Exercise4", "Exercise4\Exercise4.csproj", "{90DC742E-E03A-4C80-8E84-63A3F1EC6E6B}"
EndProject
Project("{FAE04EC0-301F-11D3-BF4B-00C04F79EFBC}") = "Exercise5_WPF", "Exercise5_WPF\Exercise5_WPF.csproj", "{E288C69D-7BE1-4CD2-9157-2DF9B8889703}"
EndProject
Global
	GlobalSection(SolutionConfigurationPlatforms) = preSolution
		Debug|Any CPU = Debug|Any CPU
		Release|Any CPU = Release|Any CPU
	EndGlobalSection
	GlobalSection(ProjectConfigurationPlatforms) = postSolution
		{A37707E0-CCC5-40F5-8A26-839C50CB87BA}.Debug|Any CPU.ActiveCfg = Debug|Any CPU
		{A37707E0-CCC5-40F5-8A26-839C50CB87BA}.Debug|Any CPU.Build.0 = Debug|Any CPU
		{A37707E0-CCC5-40F5-8A26-839C50CB87BA}.Release|Any CPU.ActiveCfg = Release|Any CPU
		{A37707E0-CCC5-40F5-8A26-839C50CB87BA}.Release|Any CPU.Build.0 = Release|Any CPU
		{2AEDEC45-7C02-4CA6-AC35-952AFE029514}.Debug|Any CPU.ActiveCfg = Debug|Any CPU
		{2AEDEC45-7C02-4CA6-AC35-952AFE029514}.Debug|Any CPU.Build.0 = Debug|Any CPU
		{2AEDEC45-7C02-4CA6-AC35-952AFE029514}.Release|Any CPU.ActiveCfg = Release|Any CPU
		{2AEDEC45-7C02-4CA6-AC35-952AFE029514}.Release|Any CPU.Build.0 = Release|Any CPU
		{00E41FAA-3583-44FB-A5D8-6677E578B5D8}.Debug|Any CPU.ActiveCfg = Debug|Any CPU
		{00E41FAA-3583-44FB-A5D8-6677E578B5D8}.Debug|Any CPU.Build.0 = Debug|Any CPU
		{00E41FAA-3583-44FB-A5D8-6677E578B5D8}.Release|Any CPU.ActiveCfg = Release|Any CPU
		{00E41FAA-3583-44FB-A5D8-6677E578B5D8}.Release|Any CPU.Build.0 = Release|Any CPU
		{90DC742E-E03A-4C80-8E84-63A3F1EC6E6B}.Debug|Any CPU.ActiveCfg = Debug|Any CPU
		{90DC742E-E03A-4C80-8E84-63A3F1EC6E6B}.Debug|Any CPU.Build.0 = Debug|Any CPU
		{90DC742E-E03A-4C80-8E84-63A3F1EC6E6B}.Release|Any CPU.ActiveCfg = Release|Any CPU
		{90DC742E-E03A-4C80-8E84-63A3F1EC6E6B}.Release|Any CPU.Build.0 = Release|Any CPU
		{E288C69D-7BE1-4CD2-9157-2DF9B8889703}.Debug|Any CPU.ActiveCfg = Debug|Any CPU
		{E288C69D-7BE1-4CD2-9157-2DF9B8889703}.Debug|Any CPU.Build.0 = Debug|Any CPU
		{E288C69D-7BE1-4CD2-9157-2DF9B8889703}.Release|Any CPU.ActiveCfg = Release|Any CPU
		{E288C69D-7BE1-4CD2-9157-2DF9B8889703}.Release|Any CPU.Build.0 = Release|Any CPU
	EndGlobalSection
	GlobalSection(SolutionProperties) = preSolution
		HideSolutionNode = FALSE
	EndGlobalSection
	GlobalSection(ExtensibilityGlobals) = postSolution
		SolutionGuid = {4727F3E2-0565-48D3-9A12-2B3C9C5655C3}
	EndGlobalSection
EndGlobal
