
Microsoft Visual Studio Solution File, Format Version 12.00
# Visual Studio Version 16
VisualStudioVersion = 25.0.1706.0
MinimumVisualStudioVersion = 10.0.40219.1
Project("{FAE04EC0-301F-11D3-BF4B-00C04F79EFBC}") = "Exercise 1", "Exercise 1\Exercise 1.csproj", "{6A3C9402-7C59-4ADF-A22D-826988BD76AA}"
EndProject
Project("{FAE04EC0-301F-11D3-BF4B-00C04F79EFBC}") = "Exercise 2", "Exercise 2\Exercise 2.csproj", "{B6FF8207-F842-4753-997D-9E8A5F51E7D3}"
EndProject
Project("{FAE04EC0-301F-11D3-BF4B-00C04F79EFBC}") = "Exercise 3", "Exercise 3\Exercise 3.csproj", "{392B1270-6619-4332-BA64-0ED474A53D2F}"
EndProject
Project("{FAE04EC0-301F-11D3-BF4B-00C04F79EFBC}") = "Exercise 4", "Exercise 4\Exercise 4.csproj", "{F030EDD8-453F-4F16-8524-31DEFDED45D0}"
EndProject
Project("{FAE04EC0-301F-11D3-BF4B-00C04F79EFBC}") = "Exercise 5", "Exercise 5\Exercise 5.csproj", "{E80CF45B-0F0D-46CC-8EB2-2ECFC3AE527E}"
EndProject
Project("{FAE04EC0-301F-11D3-BF4B-00C04F79EFBC}") = "Exercise 6", "Exercise 6\Exercise 6.csproj", "{A8186574-DF9C-4DA4-898D-89A165152614}"
EndProject
Global
	GlobalSection(SolutionConfigurationPlatforms) = preSolution
		Debug|Any CPU = Debug|Any CPU
		Release|Any CPU = Release|Any CPU
	EndGlobalSection
	GlobalSection(ProjectConfigurationPlatforms) = postSolution
		{6A3C9402-7C59-4ADF-A22D-826988BD76AA}.Debug|Any CPU.ActiveCfg = Debug|Any CPU
		{6A3C9402-7C59-4ADF-A22D-826988BD76AA}.Debug|Any CPU.Build.0 = Debug|Any CPU
		{6A3C9402-7C59-4ADF-A22D-826988BD76AA}.Release|Any CPU.ActiveCfg = Release|Any CPU
		{6A3C9402-7C59-4ADF-A22D-826988BD76AA}.Release|Any CPU.Build.0 = Release|Any CPU
		{B6FF8207-F842-4753-997D-9E8A5F51E7D3}.Debug|Any CPU.ActiveCfg = Debug|Any CPU
		{B6FF8207-F842-4753-997D-9E8A5F51E7D3}.Debug|Any CPU.Build.0 = Debug|Any CPU
		{B6FF8207-F842-4753-997D-9E8A5F51E7D3}.Release|Any CPU.ActiveCfg = Release|Any CPU
		{B6FF8207-F842-4753-997D-9E8A5F51E7D3}.Release|Any CPU.Build.0 = Release|Any CPU
		{392B1270-6619-4332-BA64-0ED474A53D2F}.Debug|Any CPU.ActiveCfg = Debug|Any CPU
		{392B1270-6619-4332-BA64-0ED474A53D2F}.Debug|Any CPU.Build.0 = Debug|Any CPU
		{392B1270-6619-4332-BA64-0ED474A53D2F}.Release|Any CPU.ActiveCfg = Release|Any CPU
		{392B1270-6619-4332-BA64-0ED474A53D2F}.Release|Any CPU.Build.0 = Release|Any CPU
		{F030EDD8-453F-4F16-8524-31DEFDED45D0}.Debug|Any CPU.ActiveCfg = Debug|Any CPU
		{F030EDD8-453F-4F16-8524-31DEFDED45D0}.Debug|Any CPU.Build.0 = Debug|Any CPU
		{F030EDD8-453F-4F16-8524-31DEFDED45D0}.Release|Any CPU.ActiveCfg = Release|Any CPU
		{F030EDD8-453F-4F16-8524-31DEFDED45D0}.Release|Any CPU.Build.0 = Release|Any CPU
		{E80CF45B-0F0D-46CC-8EB2-2ECFC3AE527E}.Debug|Any CPU.ActiveCfg = Debug|Any CPU
		{E80CF45B-0F0D-46CC-8EB2-2ECFC3AE527E}.Debug|Any CPU.Build.0 = Debug|Any CPU
		{E80CF45B-0F0D-46CC-8EB2-2ECFC3AE527E}.Release|Any CPU.ActiveCfg = Release|Any CPU
		{E80CF45B-0F0D-46CC-8EB2-2ECFC3AE527E}.Release|Any CPU.Build.0 = Release|Any CPU
		{A8186574-DF9C-4DA4-898D-89A165152614}.Debug|Any CPU.ActiveCfg = Debug|Any CPU
		{A8186574-DF9C-4DA4-898D-89A165152614}.Debug|Any CPU.Build.0 = Debug|Any CPU
		{A8186574-DF9C-4DA4-898D-89A165152614}.Release|Any CPU.ActiveCfg = Release|Any CPU
		{A8186574-DF9C-4DA4-898D-89A165152614}.Release|Any CPU.Build.0 = Release|Any CPU
	EndGlobalSection
	GlobalSection(SolutionProperties) = preSolution
		HideSolutionNode = FALSE
	EndGlobalSection
	GlobalSection(ExtensibilityGlobals) = postSolution
		SolutionGuid = {7510BB94-54C8-4AEF-9710-43B38DAFF849}
	EndGlobalSection
EndGlobal
