
Microsoft Visual Studio Solution File, Format Version 12.00
# Visual Studio Version 17
VisualStudioVersion = 17.7.34031.279
MinimumVisualStudioVersion = 10.0.40219.1
Project("{FAE04EC0-301F-11D3-BF4B-00C04F79EFBC}") = "Lesson6_Exericse1", "Lesson6_Exericse1\Lesson6_Exericse1.csproj", "{3493039A-FA53-4CB6-A58C-B840269B3B86}"
EndProject
Global
	GlobalSection(SolutionConfigurationPlatforms) = preSolution
		Debug|Any CPU = Debug|Any CPU
		Release|Any CPU = Release|Any CPU
	EndGlobalSection
	GlobalSection(ProjectConfigurationPlatforms) = postSolution
		{3493039A-FA53-4CB6-A58C-B840269B3B86}.Debug|Any CPU.ActiveCfg = Debug|Any CPU
		{3493039A-FA53-4CB6-A58C-B840269B3B86}.Debug|Any CPU.Build.0 = Debug|Any CPU
		{3493039A-FA53-4CB6-A58C-B840269B3B86}.Release|Any CPU.ActiveCfg = Release|Any CPU
		{3493039A-FA53-4CB6-A58C-B840269B3B86}.Release|Any CPU.Build.0 = Release|Any CPU
	EndGlobalSection
	GlobalSection(SolutionProperties) = preSolution
		HideSolutionNode = FALSE
	EndGlobalSection
	GlobalSection(ExtensibilityGlobals) = postSolution
		SolutionGuid = {1B472AE5-F9CD-4673-8DE6-D6787C911CEA}
	EndGlobalSection
EndGlobal
