
Microsoft Visual Studio Solution File, Format Version 12.00
# Visual Studio Version 16
VisualStudioVersion = 25.0.1706.0
MinimumVisualStudioVersion = 10.0.40219.1
Project("{FAE04EC0-301F-11D3-BF4B-00C04F79EFBC}") = "ex1", "ex1\ex1.csproj", "{ED856E7C-DD42-4AC3-8C03-3ACE9F03FEFD}"
EndProject
Global
	GlobalSection(SolutionConfigurationPlatforms) = preSolution
		Debug|Any CPU = Debug|Any CPU
		Release|Any CPU = Release|Any CPU
	EndGlobalSection
	GlobalSection(ProjectConfigurationPlatforms) = postSolution
		{ED856E7C-DD42-4AC3-8C03-3ACE9F03FEFD}.Debug|Any CPU.ActiveCfg = Debug|Any CPU
		{ED856E7C-DD42-4AC3-8C03-3ACE9F03FEFD}.Debug|Any CPU.Build.0 = Debug|Any CPU
		{ED856E7C-DD42-4AC3-8C03-3ACE9F03FEFD}.Release|Any CPU.ActiveCfg = Release|Any CPU
		{ED856E7C-DD42-4AC3-8C03-3ACE9F03FEFD}.Release|Any CPU.Build.0 = Release|Any CPU
	EndGlobalSection
	GlobalSection(SolutionProperties) = preSolution
		HideSolutionNode = FALSE
	EndGlobalSection
	GlobalSection(ExtensibilityGlobals) = postSolution
		SolutionGuid = {17966110-9C2B-47A0-8EC7-C2F91FB2BF4B}
	EndGlobalSection
EndGlobal
